github.com/dvcrn/pocketsmith-go v0.0.0-20241213025641-7fb1326567a7 h1:5W/4rJjJb2/rtglzTrRGn623bEDrHRVwGa+WAf2SINs=
github.com/dvcrn/pocketsmith-go v0.0.0-20241213025641-7fb1326567a7/go.mod h1:rRx2gtJK+78Po3CCQzaZzfb7rcNSxhq4r3xz7Cj9U8M=
github.com/dvcrn/pocketsmith-go v0.0.0-20241213060714-89b97a49580f h1:Trmx/7H3wLC//GHg7CmdZ29UZ0msNe8xuhpYeLJzJKs=
github.com/dvcrn/pocketsmith-go v0.0.0-20241213060714-89b97a49580f/go.mod h1:rRx2gtJK+78Po3CCQzaZzfb7rcNSxhq4r3xz7Cj9U8M=
github.com/dvcrn/romajiconv v0.0.0-20241213055259-253f4e3b7ad0 h1:Y3/qyI3Au5nhcmKiS8wqMsPpHfxnwE8QI3B+hT4o/jM=
github.com/dvcrn/romajiconv v0.0.0-20241213055259-253f4e3b7ad0/go.mod h1:Spm4oRihWuuSf6znGoXTFPj3aafW1DRFWfSEDiPGsFE=
